// !$*UTF8*$!
{
	archiveVersion = 1;
	classes = {
	};
	objectVersion = 48;
	objects = {

/* Begin PBXBuildFile section */
		4A083EFF21B0F61E00964120 /* SocketIO.framework in Frameworks */ = {isa = PBXBuildFile; fileRef = 4A083EFD21B0F61E00964120 /* SocketIO.framework */; };
		4A083F0021B0F61E00964120 /* Starscream.framework in Frameworks */ = {isa = PBXBuildFile; fileRef = 4A083EFE21B0F61E00964120 /* Starscream.framework */; };
		4A083F0221B0F67900964120 /* Starscream.framework in CopyFiles */ = {isa = PBXBuildFile; fileRef = 4A083EFE21B0F61E00964120 /* Starscream.framework */; settings = {ATTRIBUTES = (CodeSignOnCopy, RemoveHeadersOnCopy, ); }; };
		4A083F0321B0F68300964120 /* SocketIO.framework in CopyFiles */ = {isa = PBXBuildFile; fileRef = 4A083EFD21B0F61E00964120 /* SocketIO.framework */; settings = {ATTRIBUTES = (CodeSignOnCopy, RemoveHeadersOnCopy, ); }; };
		4A69CFF421A7BED100A5FC59 /* AppDelegate.swift in Sources */ = {isa = PBXBuildFile; fileRef = 4A69CFF321A7BED100A5FC59 /* AppDelegate.swift */; };
		4A69CFF621A7BED100A5FC59 /* ViewController.swift in Sources */ = {isa = PBXBuildFile; fileRef = 4A69CFF521A7BED100A5FC59 /* ViewController.swift */; };
		4A69CFF921A7BED100A5FC59 /* Main.storyboard in Resources */ = {isa = PBXBuildFile; fileRef = 4A69CFF721A7BED100A5FC59 /* Main.storyboard */; };
		4A69CFFB21A7BED100A5FC59 /* Assets.xcassets in Resources */ = {isa = PBXBuildFile; fileRef = 4A69CFFA21A7BED100A5FC59 /* Assets.xcassets */; };
		4A69CFFE21A7BED100A5FC59 /* LaunchScreen.storyboard in Resources */ = {isa = PBXBuildFile; fileRef = 4A69CFFC21A7BED100A5FC59 /* LaunchScreen.storyboard */; };
/* End PBXBuildFile section */

/* Begin PBXCopyFilesBuildPhase section */
		4A083F0121B0F64F00964120 /* CopyFiles */ = {
			isa = PBXCopyFilesBuildPhase;
			buildActionMask = 2147483647;
			dstPath = "";
			dstSubfolderSpec = 10;
			files = (
				4A083F0321B0F68300964120 /* SocketIO.framework in CopyFiles */,
				4A083F0221B0F67900964120 /* Starscream.framework in CopyFiles */,
			);
			runOnlyForDeploymentPostprocessing = 0;
		};
/* End PBXCopyFilesBuildPhase section */

/* Begin PBXFileReference section */
		4A083EFB21B0F61D00964120 /* include.h */ = {isa = PBXFileReference; fileEncoding = 4; lastKnownFileType = sourcecode.c.h; path = include.h; sourceTree = "<group>"; };
		4A083EFC21B0F61D00964120 /* module.modulemap */ = {isa = PBXFileReference; fileEncoding = 4; lastKnownFileType = "sourcecode.module-map"; path = module.modulemap; sourceTree = "<group>"; };
		4A083EFD21B0F61E00964120 /* SocketIO.framework */ = {isa = PBXFileReference; lastKnownFileType = wrapper.framework; path = SocketIO.framework; sourceTree = "<group>"; };
		4A083EFE21B0F61E00964120 /* Starscream.framework */ = {isa = PBXFileReference; lastKnownFileType = wrapper.framework; path = Starscream.framework; sourceTree = "<group>"; };
		4A69CFF021A7BED100A5FC59 /* MyChatRoom.app */ = {isa = PBXFileReference; explicitFileType = wrapper.application; includeInIndex = 0; path = MyChatRoom.app; sourceTree = BUILT_PRODUCTS_DIR; };
		4A69CFF321A7BED100A5FC59 /* AppDelegate.swift */ = {isa = PBXFileReference; lastKnownFileType = sourcecode.swift; path = AppDelegate.swift; sourceTree = "<group>"; };
		4A69CFF521A7BED100A5FC59 /* ViewController.swift */ = {isa = PBXFileReference; lastKnownFileType = sourcecode.swift; path = ViewController.swift; sourceTree = "<group>"; };
		4A69CFF821A7BED100A5FC59 /* Base */ = {isa = PBXFileReference; lastKnownFileType = file.storyboard; name = Base; path = Base.lproj/Main.storyboard; sourceTree = "<group>"; };
		4A69CFFA21A7BED100A5FC59 /* Assets.xcassets */ = {isa = PBXFileReference; lastKnownFileType = folder.assetcatalog; path = Assets.xcassets; sourceTree = "<group>"; };
		4A69CFFD21A7BED100A5FC59 /* Base */ = {isa = PBXFileReference; lastKnownFileType = file.storyboard; name = Base; path = Base.lproj/LaunchScreen.storyboard; sourceTree = "<group>"; };
		4A69CFFF21A7BED100A5FC59 /* Info.plist */ = {isa = PBXFileReference; lastKnownFileType = text.plist.xml; path = Info.plist; sourceTree = "<group>"; };
/* End PBXFileReference section */

/* Begin PBXFrameworksBuildPhase section */
		4A69CFED21A7BED100A5FC59 /* Frameworks */ = {
			isa = PBXFrameworksBuildPhase;
			buildActionMask = 2147483647;
			files = (
				4A083EFF21B0F61E00964120 /* SocketIO.framework in Frameworks */,
				4A083F0021B0F61E00964120 /* Starscream.framework in Frameworks */,
			);
			runOnlyForDeploymentPostprocessing = 0;
		};
/* End PBXFrameworksBuildPhase section */

/* Begin PBXGroup section */
		4A083EFA21B0F61D00964120 /* zlib */ = {
			isa = PBXGroup;
			children = (
				4A083EFB21B0F61D00964120 /* include.h */,
				4A083EFC21B0F61D00964120 /* module.modulemap */,
			);
			path = zlib;
			sourceTree = "<group>";
		};
		4A69CFE721A7BED000A5FC59 = {
			isa = PBXGroup;
			children = (
				4A69CFF221A7BED100A5FC59 /* MyChatRoom */,
				4A69CFF121A7BED100A5FC59 /* Products */,
			);
			sourceTree = "<group>";
		};
		4A69CFF121A7BED100A5FC59 /* Products */ = {
			isa = PBXGroup;
			children = (
				4A69CFF021A7BED100A5FC59 /* MyChatRoom.app */,
			);
			name = Products;
			sourceTree = "<group>";
		};
		4A69CFF221A7BED100A5FC59 /* MyChatRoom */ = {
			isa = PBXGroup;
			children = (
				4A69CFF321A7BED100A5FC59 /* AppDelegate.swift */,
				4A69CFF521A7BED100A5FC59 /* ViewController.swift */,
				4A69CFF721A7BED100A5FC59 /* Main.storyboard */,
				4A69CFFA21A7BED100A5FC59 /* Assets.xcassets */,
				4A69CFFC21A7BED100A5FC59 /* LaunchScreen.storyboard */,
				4A69CFFF21A7BED100A5FC59 /* Info.plist */,
				4A083EFD21B0F61E00964120 /* SocketIO.framework */,
				4A083EFE21B0F61E00964120 /* Starscream.framework */,
				4A083EFA21B0F61D00964120 /* zlib */,
			);
			path = MyChatRoom;
			sourceTree = "<group>";
		};
/* End PBXGroup section */

/* Begin PBXNativeTarget section */
		4A69CFEF21A7BED100A5FC59 /* MyChatRoom */ = {
			isa = PBXNativeTarget;
			buildConfigurationList = 4A69D00221A7BED100A5FC59 /* Build configuration list for PBXNativeTarget "MyChatRoom" */;
			buildPhases = (
				4A69CFEC21A7BED100A5FC59 /* Sources */,
				4A69CFED21A7BED100A5FC59 /* Frameworks */,
				4A69CFEE21A7BED100A5FC59 /* Resources */,
				4A083F0121B0F64F00964120 /* CopyFiles */,
			);
			buildRules = (
			);
			dependencies = (
			);
			name = MyChatRoom;
			productName = MyChatRoom;
			productReference = 4A69CFF021A7BED100A5FC59 /* MyChatRoom.app */;
			productType = "com.apple.product-type.application";
		};
/* End PBXNativeTarget section */

/* Begin PBXProject section */
		4A69CFE821A7BED000A5FC59 /* Project object */ = {
			isa = PBXProject;
			attributes = {
				LastSwiftUpdateCheck = 0920;
				LastUpgradeCheck = 0920;
				TargetAttributes = {
					4A69CFEF21A7BED100A5FC59 = {
						CreatedOnToolsVersion = 9.2;
						ProvisioningStyle = Automatic;
					};
				};
			};
			buildConfigurationList = 4A69CFEB21A7BED000A5FC59 /* Build configuration list for PBXProject "MyChatRoom" */;
			compatibilityVersion = "Xcode 8.0";
			developmentRegion = en;
			hasScannedForEncodings = 0;
			knownRegions = (
				en,
				Base,
			);
			mainGroup = 4A69CFE721A7BED000A5FC59;
			productRefGroup = 4A69CFF121A7BED100A5FC59 /* Products */;
			projectDirPath = "";
			projectRoot = "";
			targets = (
				4A69CFEF21A7BED100A5FC59 /* MyChatRoom */,
			);
		};
/* End PBXProject section */

/* Begin PBXResourcesBuildPhase section */
		4A69CFEE21A7BED100A5FC59 /* Resources */ = {
			isa = PBXResourcesBuildPhase;
			buildActionMask = 2147483647;
			files = (
				4A69CFFE21A7BED100A5FC59 /* LaunchScreen.storyboard in Resources */,
				4A69CFFB21A7BED100A5FC59 /* Assets.xcassets in Resources */,
				4A69CFF921A7BED100A5FC59 /* Main.storyboard in Resources */,
			);
			runOnlyForDeploymentPostprocessing = 0;
		};
/* End PBXResourcesBuildPhase section */

/* Begin PBXSourcesBuildPhase section */
		4A69CFEC21A7BED100A5FC59 /* Sources */ = {
			isa = PBXSourcesBuildPhase;
			buildActionMask = 2147483647;
			files = (
				4A69CFF621A7BED100A5FC59 /* ViewController.swift in Sources */,
				4A69CFF421A7BED100A5FC59 /* AppDelegate.swift in Sources */,
			);
			runOnlyForDeploymentPostprocessing = 0;
		};
/* End PBXSourcesBuildPhase section */

/* Begin PBXVariantGroup section */
		4A69CFF721A7BED100A5FC59 /* Main.storyboard */ = {
			isa = PBXVariantGroup;
			children = (
				4A69CFF821A7BED100A5FC59 /* Base */,
			);
			name = Main.storyboard;
			sourceTree = "<group>";
		};
		4A69CFFC21A7BED100A5FC59 /* LaunchScreen.storyboard */ = {
			isa = PBXVariantGroup;
			children = (
				4A69CFFD21A7BED100A5FC59 /* Base */,
			);
			name = LaunchScreen.storyboard;
			sourceTree = "<group>";
		};
/* End PBXVariantGroup section */

/* Begin XCBuildConfiguration section */
		4A69D00021A7BED100A5FC59 /* Debug */ = {
			isa = XCBuildConfiguration;
			buildSettings = {
				ALWAYS_SEARCH_USER_PATHS = NO;
				CLANG_ANALYZER_NONNULL = YES;
				CLANG_ANALYZER_NUMBER_OBJECT_CONVERSION = YES_AGGRESSIVE;
				CLANG_CXX_LANGUAGE_STANDARD = "gnu++14";
				CLANG_CXX_LIBRARY = "libc++";
				CLANG_ENABLE_MODULES = YES;
				CLANG_ENABLE_OBJC_ARC = YES;
				CLANG_WARN_BLOCK_CAPTURE_AUTORELEASING = YES;
				CLANG_WARN_BOOL_CONVERSION = YES;
				CLANG_WARN_COMMA = YES;
				CLANG_WARN_CONSTANT_CONVERSION = YES;
				CLANG_WARN_DIRECT_OBJC_ISA_USAGE = YES_ERROR;
				CLANG_WARN_DOCUMENTATION_COMMENTS = YES;
				CLANG_WARN_EMPTY_BODY = YES;
				CLANG_WARN_ENUM_CONVERSION = YES;
				CLANG_WARN_INFINITE_RECURSION = YES;
				CLANG_WARN_INT_CONVERSION = YES;
				CLANG_WARN_NON_LITERAL_NULL_CONVERSION = YES;
				CLANG_WARN_OBJC_LITERAL_CONVERSION = YES;
				CLANG_WARN_OBJC_ROOT_CLASS = YES_ERROR;
				CLANG_WARN_RANGE_LOOP_ANALYSIS = YES;
				CLANG_WARN_STRICT_PROTOTYPES = YES;
				CLANG_WARN_SUSPICIOUS_MOVE = YES;
				CLANG_WARN_UNGUARDED_AVAILABILITY = YES_AGGRESSIVE;
				CLANG_WARN_UNREACHABLE_CODE = YES;
				CLANG_WARN__DUPLICATE_METHOD_MATCH = YES;
				CODE_SIGN_IDENTITY = "iPhone Developer";
				COPY_PHASE_STRIP = NO;
				DEBUG_INFORMATION_FORMAT = dwarf;
				ENABLE_STRICT_OBJC_MSGSEND = YES;
				ENABLE_TESTABILITY = YES;
				GCC_C_LANGUAGE_STANDARD = gnu11;
				GCC_DYNAMIC_NO_PIC = NO;
				GCC_NO_COMMON_BLOCKS = YES;
				GCC_OPTIMIZATION_LEVEL = 0;
				GCC_PREPROCESSOR_DEFINITIONS = (
					"DEBUG=1",
					"$(inherited)",
				);
				GCC_WARN_64_TO_32_BIT_CONVERSION = YES;
				GCC_WARN_ABOUT_RETURN_TYPE = YES_ERROR;
				GCC_WARN_UNDECLARED_SELECTOR = YES;
				GCC_WARN_UNINITIALIZED_AUTOS = YES_AGGRESSIVE;
				GCC_WARN_UNUSED_FUNCTION = YES;
				GCC_WARN_UNUSED_VARIABLE = YES;
				IPHONEOS_DEPLOYMENT_TARGET = 11.2;
				MTL_ENABLE_DEBUG_INFO = YES;
				ONLY_ACTIVE_ARCH = YES;
				SDKROOT = iphoneos;
				SWIFT_ACTIVE_COMPILATION_CONDITIONS = DEBUG;
				SWIFT_OPTIMIZATION_LEVEL = "-Onone";
			};
			name = Debug;
		};
		4A69D00121A7BED100A5FC59 /* Release */ = {
			isa = XCBuildConfiguration;
			buildSettings = {
				ALWAYS_SEARCH_USER_PATHS = NO;
				CLANG_ANALYZER_NONNULL = YES;
				CLANG_ANALYZER_NUMBER_OBJECT_CONVERSION = YES_AGGRESSIVE;
				CLANG_CXX_LANGUAGE_STANDARD = "gnu++14";
				CLANG_CXX_LIBRARY = "libc++";
				CLANG_ENABLE_MODULES = YES;
				CLANG_ENABLE_OBJC_ARC = YES;
				CLANG_WARN_BLOCK_CAPTURE_AUTORELEASING = YES;
				CLANG_WARN_BOOL_CONVERSION = YES;
				CLANG_WARN_COMMA = YES;
				CLANG_WARN_CONSTANT_CONVERSION = YES;
				CLANG_WARN_DIRECT_OBJC_ISA_USAGE = YES_ERROR;
				CLANG_WARN_DOCUMENTATION_COMMENTS = YES;
				CLANG_WARN_EMPTY_BODY = YES;
				CLANG_WARN_ENUM_CONVERSION = YES;
				CLANG_WARN_INFINITE_RECURSION = YES;
				CLANG_WARN_INT_CONVERSION = YES;
				CLANG_WARN_NON_LITERAL_NULL_CONVERSION = YES;
				CLANG_WARN_OBJC_LITERAL_CONVERSION = YES;
				CLANG_WARN_OBJC_ROOT_CLASS = YES_ERROR;
				CLANG_WARN_RANGE_LOOP_ANALYSIS = YES;
				CLANG_WARN_STRICT_PROTOTYPES = YES;
				CLANG_WARN_SUSPICIOUS_MOVE = YES;
				CLANG_WARN_UNGUARDED_AVAILABILITY = YES_AGGRESSIVE;
				CLANG_WARN_UNREACHABLE_CODE = YES;
				CLANG_WARN__DUPLICATE_METHOD_MATCH = YES;
				CODE_SIGN_IDENTITY = "iPhone Developer";
				COPY_PHASE_STRIP = NO;
				DEBUG_INFORMATION_FORMAT = "dwarf-with-dsym";
				ENABLE_NS_ASSERTIONS = NO;
				ENABLE_STRICT_OBJC_MSGSEND = YES;
				GCC_C_LANGUAGE_STANDARD = gnu11;
				GCC_NO_COMMON_BLOCKS = YES;
				GCC_WARN_64_TO_32_BIT_CONVERSION = YES;
				GCC_WARN_ABOUT_RETURN_TYPE = YES_ERROR;
				GCC_WARN_UNDECLARED_SELECTOR = YES;
				GCC_WARN_UNINITIALIZED_AUTOS = YES_AGGRESSIVE;
				GCC_WARN_UNUSED_FUNCTION = YES;
				GCC_WARN_UNUSED_VARIABLE = YES;
				IPHONEOS_DEPLOYMENT_TARGET = 11.2;
				MTL_ENABLE_DEBUG_INFO = NO;
				SDKROOT = iphoneos;
				SWIFT_OPTIMIZATION_LEVEL = "-Owholemodule";
				VALIDATE_PRODUCT = YES;
			};
			name = Release;
		};
		4A69D00321A7BED100A5FC59 /* Debug */ = {
			isa = XCBuildConfiguration;
			buildSettings = {
				ASSETCATALOG_COMPILER_APPICON_NAME = AppIcon;
				CODE_SIGN_STYLE = Automatic;
				FRAMEWORK_SEARCH_PATHS = (
					"$(inherited)",
					"$(PROJECT_DIR)/MyChatRoom",
				);
				INFOPLIST_FILE = MyChatRoom/Info.plist;
				LD_RUNPATH_SEARCH_PATHS = "$(inherited) @executable_path/Frameworks";
				PRODUCT_BUNDLE_IDENTIFIER = nctu.cnl.0410835.MyChatRoom;
				PRODUCT_NAME = "$(TARGET_NAME)";
				SWIFT_INCLUDE_PATHS = "\"$(SRCROOT)/MyChatRoom/zlib\"";
				SWIFT_VERSION = 4.0;
				TARGETED_DEVICE_FAMILY = "1,2";
			};
			name = Debug;
		};
		4A69D00421A7BED100A5FC59 /* Release */ = {
			isa = XCBuildConfiguration;
			buildSettings = {
				ASSETCATALOG_COMPILER_APPICON_NAME = AppIcon;
				CODE_SIGN_STYLE = Automatic;
				FRAMEWORK_SEARCH_PATHS = (
					"$(inherited)",
					"$(PROJECT_DIR)/MyChatRoom",
				);
				INFOPLIST_FILE = MyChatRoom/Info.plist;
				LD_RUNPATH_SEARCH_PATHS = "$(inherited) @executable_path/Frameworks";
				PRODUCT_BUNDLE_IDENTIFIER = nctu.cnl.0410835.MyChatRoom;
				PRODUCT_NAME = "$(TARGET_NAME)";
				SWIFT_INCLUDE_PATHS = "\"$(SRCROOT)/MyChatRoom/zlib\"";
				SWIFT_VERSION = 4.0;
				TARGETED_DEVICE_FAMILY = "1,2";
			};
			name = Release;
		};
/* End XCBuildConfiguration section */

/* Begin XCConfigurationList section */
		4A69CFEB21A7BED000A5FC59 /* Build configuration list for PBXProject "MyChatRoom" */ = {
			isa = XCConfigurationList;
			buildConfigurations = (
				4A69D00021A7BED100A5FC59 /* Debug */,
				4A69D00121A7BED100A5FC59 /* Release */,
			);
			defaultConfigurationIsVisible = 0;
			defaultConfigurationName = Release;
		};
		4A69D00221A7BED100A5FC59 /* Build configuration list for PBXNativeTarget "MyChatRoom" */ = {
			isa = XCConfigurationList;
			buildConfigurations = (
				4A69D00321A7BED100A5FC59 /* Debug */,
				4A69D00421A7BED100A5FC59 /* Release */,
			);
			defaultConfigurationIsVisible = 0;
			defaultConfigurationName = Release;
		};
/* End XCConfigurationList section */
	};
	rootObject = 4A69CFE821A7BED000A5FC59 /* Project object */;
}
